
Microsoft Visual Studio Solution File, Format Version 12.00
# Visual Studio Version 17
VisualStudioVersion = 17.0.31903.59
MinimumVisualStudioVersion = 10.0.40219.1
Project("{FAE04EC0-301F-11D3-BF4B-00C04F79EFBC}") = "Serein.Core", "src\Serein.Core\Serein.Core.csproj", "{07F5D4A9-4CC6-4C60-98BD-B9BFF5EF5B72}"
EndProject
Project("{FAE04EC0-301F-11D3-BF4B-00C04F79EFBC}") = "Serein.Cli", "src\Serein.Cli\Serein.Cli.csproj", "{51E73279-27FB-4102-BAEE-C7E9247C45C8}"
EndProject
Project("{FAE04EC0-301F-11D3-BF4B-00C04F79EFBC}") = "Serein.Lite", "src\Serein.Lite\Serein.Lite.csproj", "{61FA7143-3293-4942-A386-C52E9C194D21}"
EndProject
Project("{FAE04EC0-301F-11D3-BF4B-00C04F79EFBC}") = "Serein.Plus", "src\Serein.Plus\Serein.Plus.csproj", "{B827D8B9-A42D-4B07-8184-91E7A035E76A}"
EndProject
Project("{FAE04EC0-301F-11D3-BF4B-00C04F79EFBC}") = "Serein.Pro", "src\Serein.Pro\Serein.Pro.csproj", "{2E61B136-7362-483C-8398-8E537C510C9F}"
EndProject
Project("{FAE04EC0-301F-11D3-BF4B-00C04F79EFBC}") = "Serein.Tests", "src\Serein.Tests\Serein.Tests.csproj", "{980012F6-7E13-4611-AE59-0E8912D980EE}"
EndProject
Project("{FAE04EC0-301F-11D3-BF4B-00C04F79EFBC}") = "Serein.Tests.Plugin", "src\Serein.Tests.Plugin\Serein.Tests.Plugin.csproj", "{0FAC7634-73E2-4082-8F27-396640510154}"
EndProject
Global
	GlobalSection(SolutionConfigurationPlatforms) = preSolution
		Debug|Any CPU = Debug|Any CPU
		Release|Any CPU = Release|Any CPU
	EndGlobalSection
	GlobalSection(SolutionProperties) = preSolution
		HideSolutionNode = FALSE
	EndGlobalSection
	GlobalSection(ProjectConfigurationPlatforms) = postSolution
		{07F5D4A9-4CC6-4C60-98BD-B9BFF5EF5B72}.Debug|Any CPU.ActiveCfg = Debug|Any CPU
		{07F5D4A9-4CC6-4C60-98BD-B9BFF5EF5B72}.Debug|Any CPU.Build.0 = Debug|Any CPU
		{07F5D4A9-4CC6-4C60-98BD-B9BFF5EF5B72}.Release|Any CPU.ActiveCfg = Release|Any CPU
		{07F5D4A9-4CC6-4C60-98BD-B9BFF5EF5B72}.Release|Any CPU.Build.0 = Release|Any CPU
		{51E73279-27FB-4102-BAEE-C7E9247C45C8}.Debug|Any CPU.ActiveCfg = Debug|Any CPU
		{51E73279-27FB-4102-BAEE-C7E9247C45C8}.Debug|Any CPU.Build.0 = Debug|Any CPU
		{51E73279-27FB-4102-BAEE-C7E9247C45C8}.Release|Any CPU.ActiveCfg = Release|Any CPU
		{51E73279-27FB-4102-BAEE-C7E9247C45C8}.Release|Any CPU.Build.0 = Release|Any CPU
		{61FA7143-3293-4942-A386-C52E9C194D21}.Debug|Any CPU.ActiveCfg = Debug|Any CPU
		{61FA7143-3293-4942-A386-C52E9C194D21}.Debug|Any CPU.Build.0 = Debug|Any CPU
		{61FA7143-3293-4942-A386-C52E9C194D21}.Release|Any CPU.ActiveCfg = Release|Any CPU
		{61FA7143-3293-4942-A386-C52E9C194D21}.Release|Any CPU.Build.0 = Release|Any CPU
		{B827D8B9-A42D-4B07-8184-91E7A035E76A}.Debug|Any CPU.ActiveCfg = Debug|Any CPU
		{B827D8B9-A42D-4B07-8184-91E7A035E76A}.Debug|Any CPU.Build.0 = Debug|Any CPU
		{B827D8B9-A42D-4B07-8184-91E7A035E76A}.Release|Any CPU.ActiveCfg = Release|Any CPU
		{B827D8B9-A42D-4B07-8184-91E7A035E76A}.Release|Any CPU.Build.0 = Release|Any CPU
		{980012F6-7E13-4611-AE59-0E8912D980EE}.Debug|Any CPU.ActiveCfg = Debug|Any CPU
		{980012F6-7E13-4611-AE59-0E8912D980EE}.Debug|Any CPU.Build.0 = Debug|Any CPU
		{980012F6-7E13-4611-AE59-0E8912D980EE}.Release|Any CPU.ActiveCfg = Release|Any CPU
		{980012F6-7E13-4611-AE59-0E8912D980EE}.Release|Any CPU.Build.0 = Release|Any CPU
		{0FAC7634-73E2-4082-8F27-396640510154}.Debug|Any CPU.ActiveCfg = Debug|Any CPU
		{0FAC7634-73E2-4082-8F27-396640510154}.Debug|Any CPU.Build.0 = Debug|Any CPU
		{0FAC7634-73E2-4082-8F27-396640510154}.Release|Any CPU.ActiveCfg = Release|Any CPU
		{0FAC7634-73E2-4082-8F27-396640510154}.Release|Any CPU.Build.0 = Release|Any CPU
		{2E61B136-7362-483C-8398-8E537C510C9F}.Debug|Any CPU.ActiveCfg = Debug|Any CPU
		{2E61B136-7362-483C-8398-8E537C510C9F}.Debug|Any CPU.Build.0 = Debug|Any CPU
		{2E61B136-7362-483C-8398-8E537C510C9F}.Release|Any CPU.ActiveCfg = Release|Any CPU
		{2E61B136-7362-483C-8398-8E537C510C9F}.Release|Any CPU.Build.0 = Release|Any CPU
	EndGlobalSection
EndGlobal
