
Microsoft Visual Studio Solution File, Format Version 12.00
# Visual Studio Version 17
VisualStudioVersion = 17.2.32526.322
MinimumVisualStudioVersion = 10.0.40219.1
Project("{2150E333-8FDC-42A3-9474-1A3956D46DE8}") = "Solution Items", "Solution Items", "{29099542-0638-4C87-A3B7-E6D0ACCF1FEB}"
	ProjectSection(SolutionItems) = preProject
		.editorconfig = .editorconfig
	EndProjectSection
EndProject
Project("{9A19103F-16F7-4668-BE54-9A1E7A4F7556}") = "Serein-Console", "Serein\Console\Serein-Console.csproj", "{C16CD04A-8A19-4B28-94D6-0E757C5C74F6}"
EndProject
Project("{9A19103F-16F7-4668-BE54-9A1E7A4F7556}") = "Serein-WPF", "Serein\WPF\Serein-WPF.csproj", "{8F3D398A-56EC-472C-A8A2-7FEFDA52802E}"
EndProject
Project("{9A19103F-16F7-4668-BE54-9A1E7A4F7556}") = "Serein-Winform", "Serein\WinForm\Serein-Winform.csproj", "{64923BFD-B79D-4E78-B11B-4CB268C6DA53}"
EndProject
Project("{9A19103F-16F7-4668-BE54-9A1E7A4F7556}") = "Serein-Console For Linux", "Serein\Console For Linux\Serein-Console For Linux.csproj", "{8C55D677-78D9-4F5C-8C9E-052A12EA194D}"
EndProject
Global
	GlobalSection(SolutionConfigurationPlatforms) = preSolution
		Debug|Any CPU = Debug|Any CPU
		Release|Any CPU = Release|Any CPU
	EndGlobalSection
	GlobalSection(ProjectConfigurationPlatforms) = postSolution
		{C16CD04A-8A19-4B28-94D6-0E757C5C74F6}.Debug|Any CPU.ActiveCfg = Debug|Any CPU
		{C16CD04A-8A19-4B28-94D6-0E757C5C74F6}.Debug|Any CPU.Build.0 = Debug|Any CPU
		{C16CD04A-8A19-4B28-94D6-0E757C5C74F6}.Release|Any CPU.ActiveCfg = Release|Any CPU
		{C16CD04A-8A19-4B28-94D6-0E757C5C74F6}.Release|Any CPU.Build.0 = Release|Any CPU
		{8F3D398A-56EC-472C-A8A2-7FEFDA52802E}.Debug|Any CPU.ActiveCfg = Debug|Any CPU
		{8F3D398A-56EC-472C-A8A2-7FEFDA52802E}.Debug|Any CPU.Build.0 = Debug|Any CPU
		{8F3D398A-56EC-472C-A8A2-7FEFDA52802E}.Release|Any CPU.ActiveCfg = Release|Any CPU
		{8F3D398A-56EC-472C-A8A2-7FEFDA52802E}.Release|Any CPU.Build.0 = Release|Any CPU
		{64923BFD-B79D-4E78-B11B-4CB268C6DA53}.Debug|Any CPU.ActiveCfg = Debug|Any CPU
		{64923BFD-B79D-4E78-B11B-4CB268C6DA53}.Debug|Any CPU.Build.0 = Debug|Any CPU
		{64923BFD-B79D-4E78-B11B-4CB268C6DA53}.Release|Any CPU.ActiveCfg = Release|Any CPU
		{64923BFD-B79D-4E78-B11B-4CB268C6DA53}.Release|Any CPU.Build.0 = Release|Any CPU
		{8C55D677-78D9-4F5C-8C9E-052A12EA194D}.Debug|Any CPU.ActiveCfg = Debug|Any CPU
		{8C55D677-78D9-4F5C-8C9E-052A12EA194D}.Debug|Any CPU.Build.0 = Debug|Any CPU
		{8C55D677-78D9-4F5C-8C9E-052A12EA194D}.Release|Any CPU.ActiveCfg = Release|Any CPU
		{8C55D677-78D9-4F5C-8C9E-052A12EA194D}.Release|Any CPU.Build.0 = Release|Any CPU
	EndGlobalSection
	GlobalSection(SolutionProperties) = preSolution
		HideSolutionNode = FALSE
	EndGlobalSection
	GlobalSection(ExtensibilityGlobals) = postSolution
		SolutionGuid = {0F3DC78B-1E52-4676-B9AC-AE4D8A4745D0}
	EndGlobalSection
EndGlobal
